{
    "version": 3,
    "terraform_version": "0.9.11",
    "serial": 36,
    "lineage": "26d57715-3b7e-45cb-84f5-00a9c1089867",
    "modules": [
        {
            "path": [
                "root"
            ],
            "outputs": {},
            "resources": {
                "aws_key_pair.admin": {
                    "type": "aws_key_pair",
                    "depends_on": [],
                    "primary": {
                        "id": "admin",
                        "attributes": {
                            "fingerprint": "ca:1f:bc:b3:5e:f4:c6:56:05:29:29:54:17:6e:28:66",
                            "id": "admin",
                            "key_name": "admin",
                            "public_key": "ssh-rsa AAAAB3NzaC1yc2EAAAADAQABAAACAQDDy6rbDOrFwvmLon/mc8RTe72oLRrPJzeEWC3oF9qv1UpszV19exD998Q8NBZp7oSuewIH+FZ4cyZoOCp06DOFDjhlHvrIj1UFN7QiEExakxSQUBbyzfPMPrQe4Ct3WVIN7igk7H+J5rT/eOg3wloLHUh/HUUisYb/x2ipEoAqgq6n3bfKR832MN63Ox0xJj2jcxFEvfW+d65mutPaTxZRkXwKUnqZA14fadVx0a087GJvoJz2OUFCiNkLUr5IhS2Mz62MakUs//z+ihk8UcoCUKWMzN4txTLFJTUqBA43/tNSI0gkp9/gACLpUGAQ53EtFXh475V6h3XoNkVCz+lsKKS/ymK7QwIYJMDoCywBpdd+YPhoTHCUAsatgBn/+AzK8Qnu1w5Ts22aQX/uIdKoB5cYOt+J0OMSWv/OhYY74P4koliasQxFtZviJgKg3IwSTen/XBOwBD5SGiG3EfcpVtj5O3Bg6qOvmX0L5uLQ/Ggg9+C903sRCn1RjlUZo/bKGVt/+z8Y5XmENlHWF4eQgDanL7Dz62hvJbIPcSYdCPoZj66t81OP721LD4T5pF/rr+hivZLAOBRbDUMBwRXw+Xjd1LBQPscBJv7eW5NvI23h1mIrguZ+qfutRQnT8ZhFOI06vBy6uqgy6qQZ272wKrA27ODk2tKPDKJypZm9Lw== lrvick"
                        },
                        "meta": {
                            "schema_version": "1"
                        },
                        "tainted": false
                    },
                    "deposed": [],
                    "provider": ""
                },
                "aws_route53_record.base": {
                    "type": "aws_route53_record",
                    "depends_on": [
                        "aws_route53_zone.personal"
                    ],
                    "primary": {
                        "id": "ZHMPANHPQD39B_lrvick.net_A",
                        "attributes": {
                            "fqdn": "lrvick.net",
                            "health_check_id": "",
                            "id": "ZHMPANHPQD39B_lrvick.net_A",
                            "name": "lrvick.net",
                            "records.#": "1",
                            "records.819685302": "104.207.150.22",
                            "set_identifier": "",
                            "ttl": "300",
                            "type": "A",
                            "zone_id": "ZHMPANHPQD39B"
                        },
                        "meta": {
                            "schema_version": "2"
                        },
                        "tainted": false
                    },
                    "deposed": [],
                    "provider": ""
                },
                "aws_route53_record.keybase": {
                    "type": "aws_route53_record",
                    "depends_on": [
                        "aws_route53_zone.personal"
                    ],
                    "primary": {
                        "id": "ZHMPANHPQD39B_lrvick.net_TXT",
                        "attributes": {
                            "fqdn": "lrvick.net",
                            "health_check_id": "",
                            "id": "ZHMPANHPQD39B_lrvick.net_TXT",
                            "name": "lrvick.net",
                            "records.#": "1",
                            "records.3570690859": "keybase-site-verification=j7Z3S6y4ynbSXqi68QSLGErhBeRMrRQi_EIIPkcU3HE",
                            "set_identifier": "",
                            "ttl": "300",
                            "type": "TXT",
                            "zone_id": "ZHMPANHPQD39B"
                        },
                        "meta": {
                            "schema_version": "2"
                        },
                        "tainted": false
                    },
                    "deposed": [],
                    "provider": ""
                },
                "aws_route53_record.mx": {
                    "type": "aws_route53_record",
                    "depends_on": [
                        "aws_route53_zone.personal"
                    ],
                    "primary": {
                        "id": "ZHMPANHPQD39B_lrvick.net_MX",
                        "attributes": {
                            "fqdn": "lrvick.net",
                            "health_check_id": "",
                            "id": "ZHMPANHPQD39B_lrvick.net_MX",
                            "name": "lrvick.net",
                            "records.#": "5",
                            "records.1238691948": "10 alt4.aspmx.l.google.com",
                            "records.2201242826": "1 aspmx.l.google.com",
                            "records.2828031743": "10 alt3.aspmx.l.google.com",
                            "records.3100706661": "5 alt1.aspmx.l.google.com",
                            "records.393759407": "5 alt2.aspmx.l.google.com",
                            "set_identifier": "",
                            "ttl": "300",
                            "type": "MX",
                            "zone_id": "ZHMPANHPQD39B"
                        },
                        "meta": {
                            "schema_version": "2"
                        },
                        "tainted": false
                    },
                    "deposed": [],
                    "provider": ""
                },
                "aws_route53_record.wildcard": {
                    "type": "aws_route53_record",
                    "depends_on": [
                        "aws_route53_zone.personal"
                    ],
                    "primary": {
                        "id": "ZHMPANHPQD39B_*.lrvick.net_A",
                        "attributes": {
                            "fqdn": "*.lrvick.net",
                            "health_check_id": "",
                            "id": "ZHMPANHPQD39B_*.lrvick.net_A",
                            "name": "*.lrvick.net",
                            "records.#": "1",
                            "records.819685302": "104.207.150.22",
                            "set_identifier": "",
                            "ttl": "300",
                            "type": "A",
                            "zone_id": "ZHMPANHPQD39B"
                        },
                        "meta": {
                            "schema_version": "2"
                        },
                        "tainted": false
                    },
                    "deposed": [],
                    "provider": ""
                },
                "aws_route53_zone.personal": {
                    "type": "aws_route53_zone",
                    "depends_on": [],
                    "primary": {
                        "id": "ZHMPANHPQD39B",
                        "attributes": {
                            "comment": "Managed by Terraform",
                            "force_destroy": "false",
                            "id": "ZHMPANHPQD39B",
                            "name": "lrvick.net",
                            "name_servers.#": "4",
                            "name_servers.0": "ns-1226.awsdns-25.org",
                            "name_servers.1": "ns-1732.awsdns-24.co.uk",
                            "name_servers.2": "ns-321.awsdns-40.com",
                            "name_servers.3": "ns-772.awsdns-32.net",
                            "tags.%": "1",
                            "tags.Environment": "production",
                            "zone_id": "ZHMPANHPQD39B"
                        },
                        "meta": {},
                        "tainted": false
                    },
                    "deposed": [],
                    "provider": ""
                }
            },
            "depends_on": []
        },
        {
            "path": [
                "root",
                "personal-website"
            ],
            "outputs": {
                "assets_bucket": {
                    "sensitive": false,
                    "type": "string",
                    "value": "dev.lrvick.net"
                },
                "logs_bucket": {
                    "sensitive": false,
                    "type": "string",
                    "value": "dev.lrvick.net-logs"
                }
            },
            "resources": {},
            "depends_on": []
        },
        {
            "path": [
                "root",
                "vpc"
            ],
            "outputs": {
                "database_subnets": {
                    "sensitive": false,
                    "type": "list",
                    "value": []
                },
                "default_security_group_id": {
                    "sensitive": false,
                    "type": "string",
                    "value": "sg-f2a6b38a"
                },
                "igw_id": {
                    "sensitive": false,
                    "type": "string",
                    "value": "igw-fc8c8f98"
                },
                "nat_eips": {
                    "sensitive": false,
                    "type": "list",
                    "value": []
                },
                "nat_eips_public_ips": {
                    "sensitive": false,
                    "type": "list",
                    "value": []
                },
                "natgw_ids": {
                    "sensitive": false,
                    "type": "list",
                    "value": []
                },
                "private_route_table_ids": {
                    "sensitive": false,
                    "type": "list",
                    "value": []
                },
                "private_subnets": {
                    "sensitive": false,
                    "type": "list",
                    "value": []
                },
                "public_route_table_ids": {
                    "sensitive": false,
                    "type": "list",
                    "value": [
                        "rtb-58d8353e"
                    ]
                },
                "public_subnets": {
                    "sensitive": false,
                    "type": "list",
                    "value": [
                        "subnet-d4a3159d",
                        "subnet-b1861ad6"
                    ]
                },
                "vpc_id": {
                    "sensitive": false,
                    "type": "string",
                    "value": "vpc-82b2f5e5"
                }
            },
            "resources": {
                "aws_internet_gateway.mod": {
                    "type": "aws_internet_gateway",
                    "depends_on": [
                        "aws_vpc.mod"
                    ],
                    "primary": {
                        "id": "igw-fc8c8f98",
                        "attributes": {
                            "id": "igw-fc8c8f98",
                            "tags.%": "1",
                            "tags.Name": "production-igw",
                            "vpc_id": "vpc-82b2f5e5"
                        },
                        "meta": {},
                        "tainted": false
                    },
                    "deposed": [],
                    "provider": ""
                },
                "aws_route.public_internet_gateway": {
                    "type": "aws_route",
                    "depends_on": [
                        "aws_internet_gateway.mod",
                        "aws_route_table.public"
                    ],
                    "primary": {
                        "id": "r-rtb-58d8353e1080289494",
                        "attributes": {
                            "destination_cidr_block": "0.0.0.0/0",
                            "destination_prefix_list_id": "",
                            "egress_only_gateway_id": "",
                            "gateway_id": "igw-fc8c8f98",
                            "id": "r-rtb-58d8353e1080289494",
                            "instance_id": "",
                            "instance_owner_id": "",
                            "nat_gateway_id": "",
                            "network_interface_id": "",
                            "origin": "CreateRoute",
                            "route_table_id": "rtb-58d8353e",
                            "state": "active",
                            "vpc_peering_connection_id": ""
                        },
                        "meta": {},
                        "tainted": false
                    },
                    "deposed": [],
                    "provider": ""
                },
                "aws_route_table.public": {
                    "type": "aws_route_table",
                    "depends_on": [
                        "aws_vpc.mod"
                    ],
                    "primary": {
                        "id": "rtb-58d8353e",
                        "attributes": {
                            "id": "rtb-58d8353e",
                            "propagating_vgws.#": "0",
                            "route.#": "1",
                            "route.3547824007.cidr_block": "0.0.0.0/0",
                            "route.3547824007.egress_only_gateway_id": "",
                            "route.3547824007.gateway_id": "igw-fc8c8f98",
                            "route.3547824007.instance_id": "",
                            "route.3547824007.ipv6_cidr_block": "",
                            "route.3547824007.nat_gateway_id": "",
                            "route.3547824007.network_interface_id": "",
                            "route.3547824007.vpc_peering_connection_id": "",
                            "tags.%": "1",
                            "tags.Name": "production-rt-public",
                            "vpc_id": "vpc-82b2f5e5"
                        },
                        "meta": {},
                        "tainted": false
                    },
                    "deposed": [],
                    "provider": ""
                },
                "aws_route_table_association.public.0": {
                    "type": "aws_route_table_association",
                    "depends_on": [
                        "aws_route_table.public",
                        "aws_subnet.public.*"
                    ],
                    "primary": {
                        "id": "rtbassoc-c9bfb6af",
                        "attributes": {
                            "id": "rtbassoc-c9bfb6af",
                            "route_table_id": "rtb-58d8353e",
                            "subnet_id": "subnet-d4a3159d"
                        },
                        "meta": {},
                        "tainted": false
                    },
                    "deposed": [],
                    "provider": ""
                },
                "aws_route_table_association.public.1": {
                    "type": "aws_route_table_association",
                    "depends_on": [
                        "aws_route_table.public",
                        "aws_subnet.public.*"
                    ],
                    "primary": {
                        "id": "rtbassoc-d6bfb6b0",
                        "attributes": {
                            "id": "rtbassoc-d6bfb6b0",
                            "route_table_id": "rtb-58d8353e",
                            "subnet_id": "subnet-b1861ad6"
                        },
                        "meta": {},
                        "tainted": false
                    },
                    "deposed": [],
                    "provider": ""
                },
                "aws_subnet.public.0": {
                    "type": "aws_subnet",
                    "depends_on": [
                        "aws_vpc.mod"
                    ],
                    "primary": {
                        "id": "subnet-d4a3159d",
                        "attributes": {
                            "assign_ipv6_address_on_creation": "false",
                            "availability_zone": "us-west-2a",
                            "cidr_block": "10.0.101.0/24",
                            "id": "subnet-d4a3159d",
                            "map_public_ip_on_launch": "true",
                            "tags.%": "1",
                            "tags.Name": "production-subnet-public-us-west-2a",
                            "vpc_id": "vpc-82b2f5e5"
                        },
                        "meta": {
                            "schema_version": "1"
                        },
                        "tainted": false
                    },
                    "deposed": [],
                    "provider": ""
                },
                "aws_subnet.public.1": {
                    "type": "aws_subnet",
                    "depends_on": [
                        "aws_vpc.mod"
                    ],
                    "primary": {
                        "id": "subnet-b1861ad6",
                        "attributes": {
                            "assign_ipv6_address_on_creation": "false",
                            "availability_zone": "us-west-2b",
                            "cidr_block": "10.0.102.0/24",
                            "id": "subnet-b1861ad6",
                            "map_public_ip_on_launch": "true",
                            "tags.%": "1",
                            "tags.Name": "production-subnet-public-us-west-2b",
                            "vpc_id": "vpc-82b2f5e5"
                        },
                        "meta": {
                            "schema_version": "1"
                        },
                        "tainted": false
                    },
                    "deposed": [],
                    "provider": ""
                },
                "aws_vpc.mod": {
                    "type": "aws_vpc",
                    "depends_on": [],
                    "primary": {
                        "id": "vpc-82b2f5e5",
                        "attributes": {
                            "assign_generated_ipv6_cidr_block": "false",
                            "cidr_block": "10.0.0.0/16",
                            "default_network_acl_id": "acl-0a310c6d",
                            "default_route_table_id": "rtb-50d83536",
                            "default_security_group_id": "sg-f2a6b38a",
                            "dhcp_options_id": "dopt-226c7240",
                            "enable_classiclink": "false",
                            "enable_dns_hostnames": "true",
                            "enable_dns_support": "true",
                            "id": "vpc-82b2f5e5",
                            "instance_tenancy": "default",
                            "main_route_table_id": "rtb-50d83536",
                            "tags.%": "1",
                            "tags.Name": "production"
                        },
                        "meta": {
                            "schema_version": "1"
                        },
                        "tainted": false
                    },
                    "deposed": [],
                    "provider": ""
                }
            },
            "depends_on": []
        }
    ]
}
